// !$*UTF8*$!
{
	archiveVersion = 1;
	classes = {
	};
	objectVersion = 77;
	objects = {

/* Begin PBXBuildFile section */
		B523B6BC2DE38A6000CEF00C /* WidgetKit.framework in Frameworks */ = {isa = PBXBuildFile; fileRef = B523B6BB2DE38A5F00CEF00C /* WidgetKit.framework */; };
		B523B6BE2DE38A6000CEF00C /* SwiftUI.framework in Frameworks */ = {isa = PBXBuildFile; fileRef = B523B6BD2DE38A6000CEF00C /* SwiftUI.framework */; };
		B523B6CF2DE38A6200CEF00C /* TransactionBudgetWidgetExtension.appex in Embed Foundation Extensions */ = {isa = PBXBuildFile; fileRef = B523B6B92DE38A5F00CEF00C /* TransactionBudgetWidgetExtension.appex */; settings = {ATTRIBUTES = (RemoveHeadersOnCopy, ); }; };
		B523B6DD2DE3910000CEF00C /* SpenDataModels in Frameworks */ = {isa = PBXBuildFile; productRef = B523B6DC2DE3910000CEF00C /* SpenDataModels */; };
		B523B6DF2DE3916500CEF00C /* SpenDataModels in Frameworks */ = {isa = PBXBuildFile; productRef = B523B6DE2DE3916500CEF00C /* SpenDataModels */; };
/* End PBXBuildFile section */

/* Begin PBXContainerItemProxy section */
		B523B6CD2DE38A6200CEF00C /* PBXContainerItemProxy */ = {
			isa = PBXContainerItemProxy;
			containerPortal = B53F67822DDF92C600B7B18E /* Project object */;
			proxyType = 1;
			remoteGlobalIDString = B523B6B82DE38A5F00CEF00C;
			remoteInfo = TransactionBudgetWidgetExtension;
		};
		B53F679A2DDF92C900B7B18E /* PBXContainerItemProxy */ = {
			isa = PBXContainerItemProxy;
			containerPortal = B53F67822DDF92C600B7B18E /* Project object */;
			proxyType = 1;
			remoteGlobalIDString = B53F67892DDF92C600B7B18E;
			remoteInfo = SpenData;
		};
		B53F67A42DDF92C900B7B18E /* PBXContainerItemProxy */ = {
			isa = PBXContainerItemProxy;
			containerPortal = B53F67822DDF92C600B7B18E /* Project object */;
			proxyType = 1;
			remoteGlobalIDString = B53F67892DDF92C600B7B18E;
			remoteInfo = SpenData;
		};
/* End PBXContainerItemProxy section */

/* Begin PBXCopyFilesBuildPhase section */
		B523B6D42DE38A6200CEF00C /* Embed Foundation Extensions */ = {
			isa = PBXCopyFilesBuildPhase;
			buildActionMask = 2147483647;
			dstPath = "";
			dstSubfolderSpec = 13;
			files = (
				B523B6CF2DE38A6200CEF00C /* TransactionBudgetWidgetExtension.appex in Embed Foundation Extensions */,
			);
			name = "Embed Foundation Extensions";
			runOnlyForDeploymentPostprocessing = 0;
		};
/* End PBXCopyFilesBuildPhase section */

/* Begin PBXFileReference section */
		B523B6B92DE38A5F00CEF00C /* TransactionBudgetWidgetExtension.appex */ = {isa = PBXFileReference; explicitFileType = "wrapper.app-extension"; includeInIndex = 0; path = TransactionBudgetWidgetExtension.appex; sourceTree = BUILT_PRODUCTS_DIR; };
		B523B6BB2DE38A5F00CEF00C /* WidgetKit.framework */ = {isa = PBXFileReference; lastKnownFileType = wrapper.framework; name = WidgetKit.framework; path = System/Library/Frameworks/WidgetKit.framework; sourceTree = SDKROOT; };
		B523B6BD2DE38A6000CEF00C /* SwiftUI.framework */ = {isa = PBXFileReference; lastKnownFileType = wrapper.framework; name = SwiftUI.framework; path = System/Library/Frameworks/SwiftUI.framework; sourceTree = SDKROOT; };
		B523B6D82DE38EBD00CEF00C /* SpenDataModels */ = {isa = PBXFileReference; lastKnownFileType = wrapper; name = SpenDataModels; path = ../SpenDataModels; sourceTree = SOURCE_ROOT; };
		B53F678A2DDF92C600B7B18E /* SpenData.app */ = {isa = PBXFileReference; explicitFileType = wrapper.application; includeInIndex = 0; path = SpenData.app; sourceTree = BUILT_PRODUCTS_DIR; };
		B53F67992DDF92C900B7B18E /* SpenDataTests.xctest */ = {isa = PBXFileReference; explicitFileType = wrapper.cfbundle; includeInIndex = 0; path = SpenDataTests.xctest; sourceTree = BUILT_PRODUCTS_DIR; };
		B53F67A32DDF92C900B7B18E /* SpenDataUITests.xctest */ = {isa = PBXFileReference; explicitFileType = wrapper.cfbundle; includeInIndex = 0; path = SpenDataUITests.xctest; sourceTree = BUILT_PRODUCTS_DIR; };
		B5A15DC42DE4549400E78CDD /* TransactionBudgetWidgetExtension.entitlements */ = {isa = PBXFileReference; lastKnownFileType = text.plist.entitlements; path = TransactionBudgetWidgetExtension.entitlements; sourceTree = "<group>"; };
/* End PBXFileReference section */

/* Begin PBXFileSystemSynchronizedBuildFileExceptionSet section */
		B523B6D32DE38A6200CEF00C /* Exceptions for "TransactionBudgetWidget" folder in "TransactionBudgetWidgetExtension" target */ = {
			isa = PBXFileSystemSynchronizedBuildFileExceptionSet;
			membershipExceptions = (
				Info.plist,
			);
			target = B523B6B82DE38A5F00CEF00C /* TransactionBudgetWidgetExtension */;
		};
		B53F67C32DDF94E300B7B18E /* Exceptions for "SpenData" folder in "SpenData" target */ = {
			isa = PBXFileSystemSynchronizedBuildFileExceptionSet;
			membershipExceptions = (
				ContentView.swift,
				Info.plist,
			);
			target = B53F67892DDF92C600B7B18E /* SpenData */;
		};
/* End PBXFileSystemSynchronizedBuildFileExceptionSet section */

/* Begin PBXFileSystemSynchronizedRootGroup section */
		B523B6BF2DE38A6000CEF00C /* TransactionBudgetWidget */ = {
			isa = PBXFileSystemSynchronizedRootGroup;
			exceptions = (
				B523B6D32DE38A6200CEF00C /* Exceptions for "TransactionBudgetWidget" folder in "TransactionBudgetWidgetExtension" target */,
			);
			path = TransactionBudgetWidget;
			sourceTree = "<group>";
		};
		B53F678C2DDF92C600B7B18E /* SpenData */ = {
			isa = PBXFileSystemSynchronizedRootGroup;
			exceptions = (
				B53F67C32DDF94E300B7B18E /* Exceptions for "SpenData" folder in "SpenData" target */,
			);
			path = SpenData;
			sourceTree = "<group>";
		};
		B53F679C2DDF92C900B7B18E /* SpenDataTests */ = {
			isa = PBXFileSystemSynchronizedRootGroup;
			path = SpenDataTests;
			sourceTree = "<group>";
		};
		B53F67A62DDF92C900B7B18E /* SpenDataUITests */ = {
			isa = PBXFileSystemSynchronizedRootGroup;
			path = SpenDataUITests;
			sourceTree = "<group>";
		};
/* End PBXFileSystemSynchronizedRootGroup section */

/* Begin PBXFrameworksBuildPhase section */
		B523B6B62DE38A5F00CEF00C /* Frameworks */ = {
			isa = PBXFrameworksBuildPhase;
			buildActionMask = 2147483647;
			files = (
				B523B6BE2DE38A6000CEF00C /* SwiftUI.framework in Frameworks */,
				B523B6BC2DE38A6000CEF00C /* WidgetKit.framework in Frameworks */,
				B523B6DF2DE3916500CEF00C /* SpenDataModels in Frameworks */,
			);
			runOnlyForDeploymentPostprocessing = 0;
		};
		B53F67872DDF92C600B7B18E /* Frameworks */ = {
			isa = PBXFrameworksBuildPhase;
			buildActionMask = 2147483647;
			files = (
				B523B6DD2DE3910000CEF00C /* SpenDataModels in Frameworks */,
			);
			runOnlyForDeploymentPostprocessing = 0;
		};
		B53F67962DDF92C900B7B18E /* Frameworks */ = {
			isa = PBXFrameworksBuildPhase;
			buildActionMask = 2147483647;
			files = (
			);
			runOnlyForDeploymentPostprocessing = 0;
		};
		B53F67A02DDF92C900B7B18E /* Frameworks */ = {
			isa = PBXFrameworksBuildPhase;
			buildActionMask = 2147483647;
			files = (
			);
			runOnlyForDeploymentPostprocessing = 0;
		};
/* End PBXFrameworksBuildPhase section */

/* Begin PBXGroup section */
		B523B6BA2DE38A5F00CEF00C /* Frameworks */ = {
			isa = PBXGroup;
			children = (
				B523B6BB2DE38A5F00CEF00C /* WidgetKit.framework */,
				B523B6BD2DE38A6000CEF00C /* SwiftUI.framework */,
			);
			name = Frameworks;
			sourceTree = "<group>";
		};
		B53F67812DDF92C600B7B18E = {
			isa = PBXGroup;
			children = (
				B5A15DC42DE4549400E78CDD /* TransactionBudgetWidgetExtension.entitlements */,
				B523B6D82DE38EBD00CEF00C /* SpenDataModels */,
				B53F678C2DDF92C600B7B18E /* SpenData */,
				B53F679C2DDF92C900B7B18E /* SpenDataTests */,
				B53F67A62DDF92C900B7B18E /* SpenDataUITests */,
				B523B6BF2DE38A6000CEF00C /* TransactionBudgetWidget */,
				B523B6BA2DE38A5F00CEF00C /* Frameworks */,
				B53F678B2DDF92C600B7B18E /* Products */,
			);
			sourceTree = "<group>";
		};
		B53F678B2DDF92C600B7B18E /* Products */ = {
			isa = PBXGroup;
			children = (
				B53F678A2DDF92C600B7B18E /* SpenData.app */,
				B53F67992DDF92C900B7B18E /* SpenDataTests.xctest */,
				B53F67A32DDF92C900B7B18E /* SpenDataUITests.xctest */,
				B523B6B92DE38A5F00CEF00C /* TransactionBudgetWidgetExtension.appex */,
			);
			name = Products;
			sourceTree = "<group>";
		};
/* End PBXGroup section */

/* Begin PBXNativeTarget section */
		B523B6B82DE38A5F00CEF00C /* TransactionBudgetWidgetExtension */ = {
			isa = PBXNativeTarget;
			buildConfigurationList = B523B6D02DE38A6200CEF00C /* Build configuration list for PBXNativeTarget "TransactionBudgetWidgetExtension" */;
			buildPhases = (
				B523B6B52DE38A5F00CEF00C /* Sources */,
				B523B6B62DE38A5F00CEF00C /* Frameworks */,
				B523B6B72DE38A5F00CEF00C /* Resources */,
			);
			buildRules = (
			);
			dependencies = (
			);
			fileSystemSynchronizedGroups = (
				B523B6BF2DE38A6000CEF00C /* TransactionBudgetWidget */,
			);
			name = TransactionBudgetWidgetExtension;
			packageProductDependencies = (
				B523B6DE2DE3916500CEF00C /* SpenDataModels */,
			);
			productName = TransactionBudgetWidgetExtension;
			productReference = B523B6B92DE38A5F00CEF00C /* TransactionBudgetWidgetExtension.appex */;
			productType = "com.apple.product-type.app-extension";
		};
		B53F67892DDF92C600B7B18E /* SpenData */ = {
			isa = PBXNativeTarget;
			buildConfigurationList = B53F67AD2DDF92C900B7B18E /* Build configuration list for PBXNativeTarget "SpenData" */;
			buildPhases = (
				B53F67862DDF92C600B7B18E /* Sources */,
				B53F67872DDF92C600B7B18E /* Frameworks */,
				B53F67882DDF92C600B7B18E /* Resources */,
				B523B6D42DE38A6200CEF00C /* Embed Foundation Extensions */,
			);
			buildRules = (
			);
			dependencies = (
				B523B6CE2DE38A6200CEF00C /* PBXTargetDependency */,
			);
			fileSystemSynchronizedGroups = (
				B53F678C2DDF92C600B7B18E /* SpenData */,
			);
			name = SpenData;
			packageProductDependencies = (
				B523B6DC2DE3910000CEF00C /* SpenDataModels */,
			);
			productName = SpenData;
			productReference = B53F678A2DDF92C600B7B18E /* SpenData.app */;
			productType = "com.apple.product-type.application";
		};
		B53F67982DDF92C900B7B18E /* SpenDataTests */ = {
			isa = PBXNativeTarget;
			buildConfigurationList = B53F67B02DDF92C900B7B18E /* Build configuration list for PBXNativeTarget "SpenDataTests" */;
			buildPhases = (
				B53F67952DDF92C900B7B18E /* Sources */,
				B53F67962DDF92C900B7B18E /* Frameworks */,
				B53F67972DDF92C900B7B18E /* Resources */,
			);
			buildRules = (
			);
			dependencies = (
				B53F679B2DDF92C900B7B18E /* PBXTargetDependency */,
			);
			fileSystemSynchronizedGroups = (
				B53F679C2DDF92C900B7B18E /* SpenDataTests */,
			);
			name = SpenDataTests;
			packageProductDependencies = (
			);
			productName = SpenDataTests;
			productReference = B53F67992DDF92C900B7B18E /* SpenDataTests.xctest */;
			productType = "com.apple.product-type.bundle.unit-test";
		};
		B53F67A22DDF92C900B7B18E /* SpenDataUITests */ = {
			isa = PBXNativeTarget;
			buildConfigurationList = B53F67B32DDF92C900B7B18E /* Build configuration list for PBXNativeTarget "SpenDataUITests" */;
			buildPhases = (
				B53F679F2DDF92C900B7B18E /* Sources */,
				B53F67A02DDF92C900B7B18E /* Frameworks */,
				B53F67A12DDF92C900B7B18E /* Resources */,
			);
			buildRules = (
			);
			dependencies = (
				B53F67A52DDF92C900B7B18E /* PBXTargetDependency */,
			);
			fileSystemSynchronizedGroups = (
				B53F67A62DDF92C900B7B18E /* SpenDataUITests */,
			);
			name = SpenDataUITests;
			packageProductDependencies = (
			);
			productName = SpenDataUITests;
			productReference = B53F67A32DDF92C900B7B18E /* SpenDataUITests.xctest */;
			productType = "com.apple.product-type.bundle.ui-testing";
		};
/* End PBXNativeTarget section */

/* Begin PBXProject section */
		B53F67822DDF92C600B7B18E /* Project object */ = {
			isa = PBXProject;
			attributes = {
				BuildIndependentTargetsInParallel = 1;
				LastSwiftUpdateCheck = 1630;
				LastUpgradeCheck = 1630;
				TargetAttributes = {
					B523B6B82DE38A5F00CEF00C = {
						CreatedOnToolsVersion = 16.3;
					};
					B53F67892DDF92C600B7B18E = {
						CreatedOnToolsVersion = 16.3;
					};
					B53F67982DDF92C900B7B18E = {
						CreatedOnToolsVersion = 16.3;
						TestTargetID = B53F67892DDF92C600B7B18E;
					};
					B53F67A22DDF92C900B7B18E = {
						CreatedOnToolsVersion = 16.3;
						TestTargetID = B53F67892DDF92C600B7B18E;
					};
				};
			};
			buildConfigurationList = B53F67852DDF92C600B7B18E /* Build configuration list for PBXProject "SpenData" */;
			developmentRegion = en;
			hasScannedForEncodings = 0;
			knownRegions = (
				en,
				Base,
			);
			mainGroup = B53F67812DDF92C600B7B18E;
			minimizedProjectReferenceProxies = 1;
			packageReferences = (
				B523B6DB2DE3910000CEF00C /* XCLocalSwiftPackageReference "../SpenDataModels" */,
			);
			preferredProjectObjectVersion = 77;
			productRefGroup = B53F678B2DDF92C600B7B18E /* Products */;
			projectDirPath = "";
			projectRoot = "";
			targets = (
				B53F67892DDF92C600B7B18E /* SpenData */,
				B53F67982DDF92C900B7B18E /* SpenDataTests */,
				B53F67A22DDF92C900B7B18E /* SpenDataUITests */,
				B523B6B82DE38A5F00CEF00C /* TransactionBudgetWidgetExtension */,
			);
		};
/* End PBXProject section */

/* Begin PBXResourcesBuildPhase section */
		B523B6B72DE38A5F00CEF00C /* Resources */ = {
			isa = PBXResourcesBuildPhase;
			buildActionMask = 2147483647;
			files = (
			);
			runOnlyForDeploymentPostprocessing = 0;
		};
		B53F67882DDF92C600B7B18E /* Resources */ = {
			isa = PBXResourcesBuildPhase;
			buildActionMask = 2147483647;
			files = (
			);
			runOnlyForDeploymentPostprocessing = 0;
		};
		B53F67972DDF92C900B7B18E /* Resources */ = {
			isa = PBXResourcesBuildPhase;
			buildActionMask = 2147483647;
			files = (
			);
			runOnlyForDeploymentPostprocessing = 0;
		};
		B53F67A12DDF92C900B7B18E /* Resources */ = {
			isa = PBXResourcesBuildPhase;
			buildActionMask = 2147483647;
			files = (
			);
			runOnlyForDeploymentPostprocessing = 0;
		};
/* End PBXResourcesBuildPhase section */

/* Begin PBXSourcesBuildPhase section */
		B523B6B52DE38A5F00CEF00C /* Sources */ = {
			isa = PBXSourcesBuildPhase;
			buildActionMask = 2147483647;
			files = (
			);
			runOnlyForDeploymentPostprocessing = 0;
		};
		B53F67862DDF92C600B7B18E /* Sources */ = {
			isa = PBXSourcesBuildPhase;
			buildActionMask = 2147483647;
			files = (
			);
			runOnlyForDeploymentPostprocessing = 0;
		};
		B53F67952DDF92C900B7B18E /* Sources */ = {
			isa = PBXSourcesBuildPhase;
			buildActionMask = 2147483647;
			files = (
			);
			runOnlyForDeploymentPostprocessing = 0;
		};
		B53F679F2DDF92C900B7B18E /* Sources */ = {
			isa = PBXSourcesBuildPhase;
			buildActionMask = 2147483647;
			files = (
			);
			runOnlyForDeploymentPostprocessing = 0;
		};
/* End PBXSourcesBuildPhase section */

/* Begin PBXTargetDependency section */
		B523B6CE2DE38A6200CEF00C /* PBXTargetDependency */ = {
			isa = PBXTargetDependency;
			target = B523B6B82DE38A5F00CEF00C /* TransactionBudgetWidgetExtension */;
			targetProxy = B523B6CD2DE38A6200CEF00C /* PBXContainerItemProxy */;
		};
		B53F679B2DDF92C900B7B18E /* PBXTargetDependency */ = {
			isa = PBXTargetDependency;
			target = B53F67892DDF92C600B7B18E /* SpenData */;
			targetProxy = B53F679A2DDF92C900B7B18E /* PBXContainerItemProxy */;
		};
		B53F67A52DDF92C900B7B18E /* PBXTargetDependency */ = {
			isa = PBXTargetDependency;
			target = B53F67892DDF92C600B7B18E /* SpenData */;
			targetProxy = B53F67A42DDF92C900B7B18E /* PBXContainerItemProxy */;
		};
/* End PBXTargetDependency section */

/* Begin XCBuildConfiguration section */
		B523B6D12DE38A6200CEF00C /* Debug */ = {
			isa = XCBuildConfiguration;
			buildSettings = {
				ASSETCATALOG_COMPILER_GLOBAL_ACCENT_COLOR_NAME = AccentColor;
				ASSETCATALOG_COMPILER_WIDGET_BACKGROUND_COLOR_NAME = WidgetBackground;
				CODE_SIGN_ENTITLEMENTS = TransactionBudgetWidgetExtension.entitlements;
				CODE_SIGN_STYLE = Automatic;
				CURRENT_PROJECT_VERSION = 1;
				DEVELOPMENT_TEAM = UV5KDNCKWS;
				GENERATE_INFOPLIST_FILE = YES;
				INFOPLIST_FILE = TransactionBudgetWidget/Info.plist;
				INFOPLIST_KEY_CFBundleDisplayName = TransactionBudgetWidget;
				INFOPLIST_KEY_NSHumanReadableCopyright = "";
				LD_RUNPATH_SEARCH_PATHS = (
					"$(inherited)",
					"@executable_path/Frameworks",
					"@executable_path/../../Frameworks",
				);
				MARKETING_VERSION = 1.0;
				PRODUCT_BUNDLE_IDENTIFIER = Bearista.SpenData.TransactionBudgetWidget;
				PRODUCT_NAME = "$(TARGET_NAME)";
				SKIP_INSTALL = YES;
				SWIFT_EMIT_LOC_STRINGS = YES;
				SWIFT_VERSION = 5.0;
				TARGETED_DEVICE_FAMILY = "1,2";
			};
			name = Debug;
		};
		B523B6D22DE38A6200CEF00C /* Release */ = {
			isa = XCBuildConfiguration;
			buildSettings = {
				ASSETCATALOG_COMPILER_GLOBAL_ACCENT_COLOR_NAME = AccentColor;
				ASSETCATALOG_COMPILER_WIDGET_BACKGROUND_COLOR_NAME = WidgetBackground;
				CODE_SIGN_ENTITLEMENTS = TransactionBudgetWidgetExtension.entitlements;
				CODE_SIGN_STYLE = Automatic;
				CURRENT_PROJECT_VERSION = 1;
				DEVELOPMENT_TEAM = UV5KDNCKWS;
				GENERATE_INFOPLIST_FILE = YES;
				INFOPLIST_FILE = TransactionBudgetWidget/Info.plist;
				INFOPLIST_KEY_CFBundleDisplayName = TransactionBudgetWidget;
				INFOPLIST_KEY_NSHumanReadableCopyright = "";
				LD_RUNPATH_SEARCH_PATHS = (
					"$(inherited)",
					"@executable_path/Frameworks",
					"@executable_path/../../Frameworks",
				);
				MARKETING_VERSION = 1.0;
				PRODUCT_BUNDLE_IDENTIFIER = Bearista.SpenData.TransactionBudgetWidget;
				PRODUCT_NAME = "$(TARGET_NAME)";
				SKIP_INSTALL = YES;
				SWIFT_EMIT_LOC_STRINGS = YES;
				SWIFT_VERSION = 5.0;
				TARGETED_DEVICE_FAMILY = "1,2";
			};
			name = Release;
		};
		B53F67AB2DDF92C900B7B18E /* Debug */ = {
			isa = XCBuildConfiguration;
			buildSettings = {
				ALWAYS_SEARCH_USER_PATHS = NO;
				ASSETCATALOG_COMPILER_GENERATE_SWIFT_ASSET_SYMBOL_EXTENSIONS = YES;
				CLANG_ANALYZER_NONNULL = YES;
				CLANG_ANALYZER_NUMBER_OBJECT_CONVERSION = YES_AGGRESSIVE;
				CLANG_CXX_LANGUAGE_STANDARD = "gnu++20";
				CLANG_ENABLE_MODULES = YES;
				CLANG_ENABLE_OBJC_ARC = YES;
				CLANG_ENABLE_OBJC_WEAK = YES;
				CLANG_WARN_BLOCK_CAPTURE_AUTORELEASING = YES;
				CLANG_WARN_BOOL_CONVERSION = YES;
				CLANG_WARN_COMMA = YES;
				CLANG_WARN_CONSTANT_CONVERSION = YES;
				CLANG_WARN_DEPRECATED_OBJC_IMPLEMENTATIONS = YES;
				CLANG_WARN_DIRECT_OBJC_ISA_USAGE = YES_ERROR;
				CLANG_WARN_DOCUMENTATION_COMMENTS = YES;
				CLANG_WARN_EMPTY_BODY = YES;
				CLANG_WARN_ENUM_CONVERSION = YES;
				CLANG_WARN_INFINITE_RECURSION = YES;
				CLANG_WARN_INT_CONVERSION = YES;
				CLANG_WARN_NON_LITERAL_NULL_CONVERSION = YES;
				CLANG_WARN_OBJC_IMPLICIT_RETAIN_SELF = YES;
				CLANG_WARN_OBJC_LITERAL_CONVERSION = YES;
				CLANG_WARN_OBJC_ROOT_CLASS = YES_ERROR;
				CLANG_WARN_QUOTED_INCLUDE_IN_FRAMEWORK_HEADER = YES;
				CLANG_WARN_RANGE_LOOP_ANALYSIS = YES;
				CLANG_WARN_STRICT_PROTOTYPES = YES;
				CLANG_WARN_SUSPICIOUS_MOVE = YES;
				CLANG_WARN_UNGUARDED_AVAILABILITY = YES_AGGRESSIVE;
				CLANG_WARN_UNREACHABLE_CODE = YES;
				CLANG_WARN__DUPLICATE_METHOD_MATCH = YES;
				COPY_PHASE_STRIP = NO;
				DEBUG_INFORMATION_FORMAT = dwarf;
				DEVELOPMENT_TEAM = UV5KDNCKWS;
				ENABLE_STRICT_OBJC_MSGSEND = YES;
				ENABLE_TESTABILITY = YES;
				ENABLE_USER_SCRIPT_SANDBOXING = YES;
				GCC_C_LANGUAGE_STANDARD = gnu17;
				GCC_DYNAMIC_NO_PIC = NO;
				GCC_NO_COMMON_BLOCKS = YES;
				GCC_OPTIMIZATION_LEVEL = 0;
				GCC_PREPROCESSOR_DEFINITIONS = (
					"DEBUG=1",
					"$(inherited)",
				);
				GCC_WARN_64_TO_32_BIT_CONVERSION = YES;
				GCC_WARN_ABOUT_RETURN_TYPE = YES_ERROR;
				GCC_WARN_UNDECLARED_SELECTOR = YES;
				GCC_WARN_UNINITIALIZED_AUTOS = YES_AGGRESSIVE;
				GCC_WARN_UNUSED_FUNCTION = YES;
				GCC_WARN_UNUSED_VARIABLE = YES;
				IPHONEOS_DEPLOYMENT_TARGET = 18.4;
				LOCALIZATION_PREFERS_STRING_CATALOGS = YES;
				MTL_ENABLE_DEBUG_INFO = INCLUDE_SOURCE;
				MTL_FAST_MATH = YES;
				ONLY_ACTIVE_ARCH = YES;
				SDKROOT = iphoneos;
				SWIFT_ACTIVE_COMPILATION_CONDITIONS = "DEBUG $(inherited)";
				SWIFT_OPTIMIZATION_LEVEL = "-Onone";
			};
			name = Debug;
		};
		B53F67AC2DDF92C900B7B18E /* Release */ = {
			isa = XCBuildConfiguration;
			buildSettings = {
				ALWAYS_SEARCH_USER_PATHS = NO;
				ASSETCATALOG_COMPILER_GENERATE_SWIFT_ASSET_SYMBOL_EXTENSIONS = YES;
				CLANG_ANALYZER_NONNULL = YES;
				CLANG_ANALYZER_NUMBER_OBJECT_CONVERSION = YES_AGGRESSIVE;
				CLANG_CXX_LANGUAGE_STANDARD = "gnu++20";
				CLANG_ENABLE_MODULES = YES;
				CLANG_ENABLE_OBJC_ARC = YES;
				CLANG_ENABLE_OBJC_WEAK = YES;
				CLANG_WARN_BLOCK_CAPTURE_AUTORELEASING = YES;
				CLANG_WARN_BOOL_CONVERSION = YES;
				CLANG_WARN_COMMA = YES;
				CLANG_WARN_CONSTANT_CONVERSION = YES;
				CLANG_WARN_DEPRECATED_OBJC_IMPLEMENTATIONS = YES;
				CLANG_WARN_DIRECT_OBJC_ISA_USAGE = YES_ERROR;
				CLANG_WARN_DOCUMENTATION_COMMENTS = YES;
				CLANG_WARN_EMPTY_BODY = YES;
				CLANG_WARN_ENUM_CONVERSION = YES;
				CLANG_WARN_INFINITE_RECURSION = YES;
				CLANG_WARN_INT_CONVERSION = YES;
				CLANG_WARN_NON_LITERAL_NULL_CONVERSION = YES;
				CLANG_WARN_OBJC_IMPLICIT_RETAIN_SELF = YES;
				CLANG_WARN_OBJC_LITERAL_CONVERSION = YES;
				CLANG_WARN_OBJC_ROOT_CLASS = YES_ERROR;
				CLANG_WARN_QUOTED_INCLUDE_IN_FRAMEWORK_HEADER = YES;
				CLANG_WARN_RANGE_LOOP_ANALYSIS = YES;
				CLANG_WARN_STRICT_PROTOTYPES = YES;
				CLANG_WARN_SUSPICIOUS_MOVE = YES;
				CLANG_WARN_UNGUARDED_AVAILABILITY = YES_AGGRESSIVE;
				CLANG_WARN_UNREACHABLE_CODE = YES;
				CLANG_WARN__DUPLICATE_METHOD_MATCH = YES;
				COPY_PHASE_STRIP = NO;
				DEBUG_INFORMATION_FORMAT = "dwarf-with-dsym";
				DEVELOPMENT_TEAM = UV5KDNCKWS;
				ENABLE_NS_ASSERTIONS = NO;
				ENABLE_STRICT_OBJC_MSGSEND = YES;
				ENABLE_USER_SCRIPT_SANDBOXING = YES;
				GCC_C_LANGUAGE_STANDARD = gnu17;
				GCC_NO_COMMON_BLOCKS = YES;
				GCC_WARN_64_TO_32_BIT_CONVERSION = YES;
				GCC_WARN_ABOUT_RETURN_TYPE = YES_ERROR;
				GCC_WARN_UNDECLARED_SELECTOR = YES;
				GCC_WARN_UNINITIALIZED_AUTOS = YES_AGGRESSIVE;
				GCC_WARN_UNUSED_FUNCTION = YES;
				GCC_WARN_UNUSED_VARIABLE = YES;
				IPHONEOS_DEPLOYMENT_TARGET = 18.4;
				LOCALIZATION_PREFERS_STRING_CATALOGS = YES;
				MTL_ENABLE_DEBUG_INFO = NO;
				MTL_FAST_MATH = YES;
				SDKROOT = iphoneos;
				SWIFT_COMPILATION_MODE = wholemodule;
				VALIDATE_PRODUCT = YES;
			};
			name = Release;
		};
		B53F67AE2DDF92C900B7B18E /* Debug */ = {
			isa = XCBuildConfiguration;
			buildSettings = {
				ASSETCATALOG_COMPILER_APPICON_NAME = AppIcon;
				ASSETCATALOG_COMPILER_GLOBAL_ACCENT_COLOR_NAME = AccentColor;
				CODE_SIGN_ENTITLEMENTS = SpenData/SpenData.entitlements;
				CODE_SIGN_STYLE = Automatic;
				CURRENT_PROJECT_VERSION = 1;
				DEVELOPMENT_TEAM = UV5KDNCKWS;
				ENABLE_PREVIEWS = YES;
				GENERATE_INFOPLIST_FILE = YES;
				INFOPLIST_FILE = SpenData/Info.plist;
				INFOPLIST_KEY_LSApplicationCategoryType = "";
				INFOPLIST_KEY_UIApplicationSceneManifest_Generation = YES;
				INFOPLIST_KEY_UIApplicationSupportsIndirectInputEvents = YES;
				INFOPLIST_KEY_UILaunchScreen_Generation = YES;
				INFOPLIST_KEY_UISupportedInterfaceOrientations_iPad = "UIInterfaceOrientationPortrait UIInterfaceOrientationPortraitUpsideDown UIInterfaceOrientationLandscapeLeft UIInterfaceOrientationLandscapeRight";
				INFOPLIST_KEY_UISupportedInterfaceOrientations_iPhone = "UIInterfaceOrientationPortrait UIInterfaceOrientationLandscapeLeft UIInterfaceOrientationLandscapeRight";
				LD_RUNPATH_SEARCH_PATHS = (
					"$(inherited)",
					"@executable_path/Frameworks",
				);
				MARKETING_VERSION = 1.0;
				PRODUCT_BUNDLE_IDENTIFIER = Bearista.SpenData;
				PRODUCT_NAME = "$(TARGET_NAME)";
				SWIFT_EMIT_LOC_STRINGS = YES;
				SWIFT_VERSION = 5.0;
				TARGETED_DEVICE_FAMILY = "1,2";
			};
			name = Debug;
		};
		B53F67AF2DDF92C900B7B18E /* Release */ = {
			isa = XCBuildConfiguration;
			buildSettings = {
				ASSETCATALOG_COMPILER_APPICON_NAME = AppIcon;
				ASSETCATALOG_COMPILER_GLOBAL_ACCENT_COLOR_NAME = AccentColor;
				CODE_SIGN_ENTITLEMENTS = SpenData/SpenData.entitlements;
				CODE_SIGN_STYLE = Automatic;
				CURRENT_PROJECT_VERSION = 1;
				DEVELOPMENT_TEAM = UV5KDNCKWS;
				ENABLE_PREVIEWS = YES;
				GENERATE_INFOPLIST_FILE = YES;
				INFOPLIST_FILE = SpenData/Info.plist;
				INFOPLIST_KEY_LSApplicationCategoryType = "";
				INFOPLIST_KEY_UIApplicationSceneManifest_Generation = YES;
				INFOPLIST_KEY_UIApplicationSupportsIndirectInputEvents = YES;
				INFOPLIST_KEY_UILaunchScreen_Generation = YES;
				INFOPLIST_KEY_UISupportedInterfaceOrientations_iPad = "UIInterfaceOrientationPortrait UIInterfaceOrientationPortraitUpsideDown UIInterfaceOrientationLandscapeLeft UIInterfaceOrientationLandscapeRight";
				INFOPLIST_KEY_UISupportedInterfaceOrientations_iPhone = "UIInterfaceOrientationPortrait UIInterfaceOrientationLandscapeLeft UIInterfaceOrientationLandscapeRight";
				LD_RUNPATH_SEARCH_PATHS = (
					"$(inherited)",
					"@executable_path/Frameworks",
				);
				MARKETING_VERSION = 1.0;
				PRODUCT_BUNDLE_IDENTIFIER = Bearista.SpenData;
				PRODUCT_NAME = "$(TARGET_NAME)";
				SWIFT_EMIT_LOC_STRINGS = YES;
				SWIFT_VERSION = 5.0;
				TARGETED_DEVICE_FAMILY = "1,2";
			};
			name = Release;
		};
		B53F67B12DDF92C900B7B18E /* Debug */ = {
			isa = XCBuildConfiguration;
			buildSettings = {
				BUNDLE_LOADER = "$(TEST_HOST)";
				CODE_SIGN_STYLE = Automatic;
				CURRENT_PROJECT_VERSION = 1;
				DEVELOPMENT_TEAM = UV5KDNCKWS;
				GENERATE_INFOPLIST_FILE = YES;
				IPHONEOS_DEPLOYMENT_TARGET = 18.4;
				MARKETING_VERSION = 1.0;
				PRODUCT_BUNDLE_IDENTIFIER = Bearista.SpenDataTests;
				PRODUCT_NAME = "$(TARGET_NAME)";
				SWIFT_EMIT_LOC_STRINGS = NO;
				SWIFT_VERSION = 5.0;
				TARGETED_DEVICE_FAMILY = "1,2";
				TEST_HOST = "$(BUILT_PRODUCTS_DIR)/SpenData.app/$(BUNDLE_EXECUTABLE_FOLDER_PATH)/SpenData";
			};
			name = Debug;
		};
		B53F67B22DDF92C900B7B18E /* Release */ = {
			isa = XCBuildConfiguration;
			buildSettings = {
				BUNDLE_LOADER = "$(TEST_HOST)";
				CODE_SIGN_STYLE = Automatic;
				CURRENT_PROJECT_VERSION = 1;
				DEVELOPMENT_TEAM = UV5KDNCKWS;
				GENERATE_INFOPLIST_FILE = YES;
				IPHONEOS_DEPLOYMENT_TARGET = 18.4;
				MARKETING_VERSION = 1.0;
				PRODUCT_BUNDLE_IDENTIFIER = Bearista.SpenDataTests;
				PRODUCT_NAME = "$(TARGET_NAME)";
				SWIFT_EMIT_LOC_STRINGS = NO;
				SWIFT_VERSION = 5.0;
				TARGETED_DEVICE_FAMILY = "1,2";
				TEST_HOST = "$(BUILT_PRODUCTS_DIR)/SpenData.app/$(BUNDLE_EXECUTABLE_FOLDER_PATH)/SpenData";
			};
			name = Release;
		};
		B53F67B42DDF92C900B7B18E /* Debug */ = {
			isa = XCBuildConfiguration;
			buildSettings = {
				CODE_SIGN_STYLE = Automatic;
				CURRENT_PROJECT_VERSION = 1;
				DEVELOPMENT_TEAM = UV5KDNCKWS;
				GENERATE_INFOPLIST_FILE = YES;
				MARKETING_VERSION = 1.0;
				PRODUCT_BUNDLE_IDENTIFIER = Bearista.SpenDataUITests;
				PRODUCT_NAME = "$(TARGET_NAME)";
				SWIFT_EMIT_LOC_STRINGS = NO;
				SWIFT_VERSION = 5.0;
				TARGETED_DEVICE_FAMILY = "1,2";
				TEST_TARGET_NAME = SpenData;
			};
			name = Debug;
		};
		B53F67B52DDF92C900B7B18E /* Release */ = {
			isa = XCBuildConfiguration;
			buildSettings = {
				CODE_SIGN_STYLE = Automatic;
				CURRENT_PROJECT_VERSION = 1;
				DEVELOPMENT_TEAM = UV5KDNCKWS;
				GENERATE_INFOPLIST_FILE = YES;
				MARKETING_VERSION = 1.0;
				PRODUCT_BUNDLE_IDENTIFIER = Bearista.SpenDataUITests;
				PRODUCT_NAME = "$(TARGET_NAME)";
				SWIFT_EMIT_LOC_STRINGS = NO;
				SWIFT_VERSION = 5.0;
				TARGETED_DEVICE_FAMILY = "1,2";
				TEST_TARGET_NAME = SpenData;
			};
			name = Release;
		};
/* End XCBuildConfiguration section */

/* Begin XCConfigurationList section */
		B523B6D02DE38A6200CEF00C /* Build configuration list for PBXNativeTarget "TransactionBudgetWidgetExtension" */ = {
			isa = XCConfigurationList;
			buildConfigurations = (
				B523B6D12DE38A6200CEF00C /* Debug */,
				B523B6D22DE38A6200CEF00C /* Release */,
			);
			defaultConfigurationIsVisible = 0;
			defaultConfigurationName = Release;
		};
		B53F67852DDF92C600B7B18E /* Build configuration list for PBXProject "SpenData" */ = {
			isa = XCConfigurationList;
			buildConfigurations = (
				B53F67AB2DDF92C900B7B18E /* Debug */,
				B53F67AC2DDF92C900B7B18E /* Release */,
			);
			defaultConfigurationIsVisible = 0;
			defaultConfigurationName = Release;
		};
		B53F67AD2DDF92C900B7B18E /* Build configuration list for PBXNativeTarget "SpenData" */ = {
			isa = XCConfigurationList;
			buildConfigurations = (
				B53F67AE2DDF92C900B7B18E /* Debug */,
				B53F67AF2DDF92C900B7B18E /* Release */,
			);
			defaultConfigurationIsVisible = 0;
			defaultConfigurationName = Release;
		};
		B53F67B02DDF92C900B7B18E /* Build configuration list for PBXNativeTarget "SpenDataTests" */ = {
			isa = XCConfigurationList;
			buildConfigurations = (
				B53F67B12DDF92C900B7B18E /* Debug */,
				B53F67B22DDF92C900B7B18E /* Release */,
			);
			defaultConfigurationIsVisible = 0;
			defaultConfigurationName = Release;
		};
		B53F67B32DDF92C900B7B18E /* Build configuration list for PBXNativeTarget "SpenDataUITests" */ = {
			isa = XCConfigurationList;
			buildConfigurations = (
				B53F67B42DDF92C900B7B18E /* Debug */,
				B53F67B52DDF92C900B7B18E /* Release */,
			);
			defaultConfigurationIsVisible = 0;
			defaultConfigurationName = Release;
		};
/* End XCConfigurationList section */

/* Begin XCLocalSwiftPackageReference section */
		B523B6DB2DE3910000CEF00C /* XCLocalSwiftPackageReference "../SpenDataModels" */ = {
			isa = XCLocalSwiftPackageReference;
			relativePath = ../SpenDataModels;
		};
/* End XCLocalSwiftPackageReference section */

/* Begin XCSwiftPackageProductDependency section */
		B523B6DC2DE3910000CEF00C /* SpenDataModels */ = {
			isa = XCSwiftPackageProductDependency;
			productName = SpenDataModels;
		};
		B523B6DE2DE3916500CEF00C /* SpenDataModels */ = {
			isa = XCSwiftPackageProductDependency;
			productName = SpenDataModels;
		};
/* End XCSwiftPackageProductDependency section */
	};
	rootObject = B53F67822DDF92C600B7B18E /* Project object */;
}
